Microsoft Visual Studio Solution File, Format Version 12.00
# Visual Studio Version 17
VisualStudioVersion = 17.5.2.0
MinimumVisualStudioVersion = 10.0.40219.1
Project("{FAE04EC0-301F-11D3-BF4B-00C04F79EFBC}") = "ChronosDashboards", "ChronosDashboards\ChronosDashboards.csproj", "{C83F5880-5012-B750-1373-437842597538}"
EndProject
Project("{FAE04EC0-301F-11D3-BF4B-00C04F79EFBC}") = "Consolidation", "Consolidation\Consolidation.csproj", "{8A16A31F-EDCE-B659-ED72-402F8DC6D705}"
EndProject
Project("{FAE04EC0-301F-11D3-BF4B-00C04F79EFBC}") = "DBAccess", "DBAccess\DBAccess.csproj", "{42BB22D9-8C3E-99C4-C0FC-49DC16F48C1A}"
EndProject
Project("{FAE04EC0-301F-11D3-BF4B-00C04F79EFBC}") = "LabelManager", "LabelManager\LabelManager.csproj", "{338D05F2-4F3C-C4CD-C634-B9A7E52C4F9B}"
EndProject
Project("{FAE04EC0-301F-11D3-BF4B-00C04F79EFBC}") = "StationReports", "StationReports\StationReports.csproj", "{B99CB469-7D4E-2CE3-04CA-3AA72BBDFD65}"
EndProject
Project("{2150E333-8FDC-42A3-9474-1A3956D46DE8}") = "Data", "Data", "{015FE221-96B2-289B-A0E8-6E7354784A75}"
EndProject
Project("{2150E333-8FDC-42A3-9474-1A3956D46DE8}") = "Machinery", "Machinery", "{FABDF21B-C8D2-0DEA-C0AE-3026252BD0E5}"
EndProject
Project("{2150E333-8FDC-42A3-9474-1A3956D46DE8}") = "Main", "Main", "{89633D5A-4713-1FCD-A3A9-594FA7A6EA5D}"
EndProject
Project("{2150E333-8FDC-42A3-9474-1A3956D46DE8}") = "Stations", "Stations", "{78B07627-2791-1EC4-6C6D-CA7215B351A2}"
EndProject
Project("{FAE04EC0-301F-11D3-BF4B-00C04F79EFBC}") = "IkarusWS", "Data\IkarusWS\IkarusWS.csproj", "{03322B83-0204-86DE-5B5B-E15A20423DE5}"
EndProject
Project("{FAE04EC0-301F-11D3-BF4B-00C04F79EFBC}") = "Shared", "Data\Shared\Shared.csproj", "{D48C017B-ED8F-BAAB-66A6-9C082BC4D3C9}"
EndProject
Project("{FAE04EC0-301F-11D3-BF4B-00C04F79EFBC}") = "AndonLights", "Machinery\AndonLights\AndonLights.csproj", "{2D276103-3AD2-D063-34FD-59627076D046}"
EndProject
Project("{FAE04EC0-301F-11D3-BF4B-00C04F79EFBC}") = "Chronos", "Main\Chronos\Chronos.csproj", "{32780BE6-A21F-9111-9496-217912375E0F}"
EndProject
Project("{FAE04EC0-301F-11D3-BF4B-00C04F79EFBC}") = "DownTime", "Stations\DownTime\DownTime.csproj", "{14ECD49E-FCD8-6785-B022-845E7AE4C1A6}"
EndProject
Project("{FAE04EC0-301F-11D3-BF4B-00C04F79EFBC}") = "EmployeeValidation", "Stations\EmployeeValidation\EmployeeValidation.csproj", "{DE150472-E77D-B1C9-0C87-3782F96CCBF8}"
EndProject
Project("{FAE04EC0-301F-11D3-BF4B-00C04F79EFBC}") = "RackManagement", "Stations\RackManagement\RackManagement.csproj", "{3AF89C40-9F38-11CF-B7FD-4A2D8E1A89F1}"
EndProject
Project("{FAE04EC0-301F-11D3-BF4B-00C04F79EFBC}") = "Tracking", "Stations\Tracking\Tracking.csproj", "{E35F26A8-5D1B-0D6D-9C7F-C671285CBB1C}"
EndProject
Global
	GlobalSection(SolutionConfigurationPlatforms) = preSolution
		Debug|Any CPU = Debug|Any CPU
		Release|Any CPU = Release|Any CPU
	EndGlobalSection
	GlobalSection(ProjectConfigurationPlatforms) = postSolution
		{C83F5880-5012-B750-1373-437842597538}.Debug|Any CPU.ActiveCfg = Debug|Any CPU
		{C83F5880-5012-B750-1373-437842597538}.Debug|Any CPU.Build.0 = Debug|Any CPU
		{C83F5880-5012-B750-1373-437842597538}.Release|Any CPU.ActiveCfg = Release|Any CPU
		{C83F5880-5012-B750-1373-437842597538}.Release|Any CPU.Build.0 = Release|Any CPU
		{8A16A31F-EDCE-B659-ED72-402F8DC6D705}.Debug|Any CPU.ActiveCfg = Debug|Any CPU
		{8A16A31F-EDCE-B659-ED72-402F8DC6D705}.Debug|Any CPU.Build.0 = Debug|Any CPU
		{8A16A31F-EDCE-B659-ED72-402F8DC6D705}.Release|Any CPU.ActiveCfg = Release|Any CPU
		{8A16A31F-EDCE-B659-ED72-402F8DC6D705}.Release|Any CPU.Build.0 = Release|Any CPU
		{42BB22D9-8C3E-99C4-C0FC-49DC16F48C1A}.Debug|Any CPU.ActiveCfg = Debug|Any CPU
		{42BB22D9-8C3E-99C4-C0FC-49DC16F48C1A}.Debug|Any CPU.Build.0 = Debug|Any CPU
		{42BB22D9-8C3E-99C4-C0FC-49DC16F48C1A}.Release|Any CPU.ActiveCfg = Release|Any CPU
		{42BB22D9-8C3E-99C4-C0FC-49DC16F48C1A}.Release|Any CPU.Build.0 = Release|Any CPU
		{338D05F2-4F3C-C4CD-C634-B9A7E52C4F9B}.Debug|Any CPU.ActiveCfg = Debug|Any CPU
		{338D05F2-4F3C-C4CD-C634-B9A7E52C4F9B}.Debug|Any CPU.Build.0 = Debug|Any CPU
		{338D05F2-4F3C-C4CD-C634-B9A7E52C4F9B}.Release|Any CPU.ActiveCfg = Release|Any CPU
		{338D05F2-4F3C-C4CD-C634-B9A7E52C4F9B}.Release|Any CPU.Build.0 = Release|Any CPU
		{B99CB469-7D4E-2CE3-04CA-3AA72BBDFD65}.Debug|Any CPU.ActiveCfg = Debug|Any CPU
		{B99CB469-7D4E-2CE3-04CA-3AA72BBDFD65}.Debug|Any CPU.Build.0 = Debug|Any CPU
		{B99CB469-7D4E-2CE3-04CA-3AA72BBDFD65}.Release|Any CPU.ActiveCfg = Release|Any CPU
		{B99CB469-7D4E-2CE3-04CA-3AA72BBDFD65}.Release|Any CPU.Build.0 = Release|Any CPU
		{03322B83-0204-86DE-5B5B-E15A20423DE5}.Debug|Any CPU.ActiveCfg = Debug|Any CPU
		{03322B83-0204-86DE-5B5B-E15A20423DE5}.Debug|Any CPU.Build.0 = Debug|Any CPU
		{03322B83-0204-86DE-5B5B-E15A20423DE5}.Release|Any CPU.ActiveCfg = Release|Any CPU
		{03322B83-0204-86DE-5B5B-E15A20423DE5}.Release|Any CPU.Build.0 = Release|Any CPU
		{D48C017B-ED8F-BAAB-66A6-9C082BC4D3C9}.Debug|Any CPU.ActiveCfg = Debug|Any CPU
		{D48C017B-ED8F-BAAB-66A6-9C082BC4D3C9}.Debug|Any CPU.Build.0 = Debug|Any CPU
		{D48C017B-ED8F-BAAB-66A6-9C082BC4D3C9}.Release|Any CPU.ActiveCfg = Release|Any CPU
		{D48C017B-ED8F-BAAB-66A6-9C082BC4D3C9}.Release|Any CPU.Build.0 = Release|Any CPU
		{2D276103-3AD2-D063-34FD-59627076D046}.Debug|Any CPU.ActiveCfg = Debug|Any CPU
		{2D276103-3AD2-D063-34FD-59627076D046}.Debug|Any CPU.Build.0 = Debug|Any CPU
		{2D276103-3AD2-D063-34FD-59627076D046}.Release|Any CPU.ActiveCfg = Release|Any CPU
		{2D276103-3AD2-D063-34FD-59627076D046}.Release|Any CPU.Build.0 = Release|Any CPU
		{32780BE6-A21F-9111-9496-217912375E0F}.Debug|Any CPU.ActiveCfg = Debug|Any CPU
		{32780BE6-A21F-9111-9496-217912375E0F}.Debug|Any CPU.Build.0 = Debug|Any CPU
		{32780BE6-A21F-9111-9496-217912375E0F}.Release|Any CPU.ActiveCfg = Release|Any CPU
		{32780BE6-A21F-9111-9496-217912375E0F}.Release|Any CPU.Build.0 = Release|Any CPU
		{14ECD49E-FCD8-6785-B022-845E7AE4C1A6}.Debug|Any CPU.ActiveCfg = Debug|Any CPU
		{14ECD49E-FCD8-6785-B022-845E7AE4C1A6}.Debug|Any CPU.Build.0 = Debug|Any CPU
		{14ECD49E-FCD8-6785-B022-845E7AE4C1A6}.Release|Any CPU.ActiveCfg = Release|Any CPU
		{14ECD49E-FCD8-6785-B022-845E7AE4C1A6}.Release|Any CPU.Build.0 = Release|Any CPU
		{DE150472-E77D-B1C9-0C87-3782F96CCBF8}.Debug|Any CPU.ActiveCfg = Debug|Any CPU
		{DE150472-E77D-B1C9-0C87-3782F96CCBF8}.Debug|Any CPU.Build.0 = Debug|Any CPU
		{DE150472-E77D-B1C9-0C87-3782F96CCBF8}.Release|Any CPU.ActiveCfg = Release|Any CPU
		{DE150472-E77D-B1C9-0C87-3782F96CCBF8}.Release|Any CPU.Build.0 = Release|Any CPU
		{3AF89C40-9F38-11CF-B7FD-4A2D8E1A89F1}.Debug|Any CPU.ActiveCfg = Debug|Any CPU
		{3AF89C40-9F38-11CF-B7FD-4A2D8E1A89F1}.Debug|Any CPU.Build.0 = Debug|Any CPU
		{3AF89C40-9F38-11CF-B7FD-4A2D8E1A89F1}.Release|Any CPU.ActiveCfg = Release|Any CPU
		{3AF89C40-9F38-11CF-B7FD-4A2D8E1A89F1}.Release|Any CPU.Build.0 = Release|Any CPU
		{E35F26A8-5D1B-0D6D-9C7F-C671285CBB1C}.Debug|Any CPU.ActiveCfg = Debug|Any CPU
		{E35F26A8-5D1B-0D6D-9C7F-C671285CBB1C}.Debug|Any CPU.Build.0 = Debug|Any CPU
		{E35F26A8-5D1B-0D6D-9C7F-C671285CBB1C}.Release|Any CPU.ActiveCfg = Release|Any CPU
		{E35F26A8-5D1B-0D6D-9C7F-C671285CBB1C}.Release|Any CPU.Build.0 = Release|Any CPU
	EndGlobalSection
	GlobalSection(SolutionProperties) = preSolution
		HideSolutionNode = FALSE
	EndGlobalSection
	GlobalSection(NestedProjects) = preSolution
		{03322B83-0204-86DE-5B5B-E15A20423DE5} = {015FE221-96B2-289B-A0E8-6E7354784A75}
		{D48C017B-ED8F-BAAB-66A6-9C082BC4D3C9} = {015FE221-96B2-289B-A0E8-6E7354784A75}
		{2D276103-3AD2-D063-34FD-59627076D046} = {FABDF21B-C8D2-0DEA-C0AE-3026252BD0E5}
		{32780BE6-A21F-9111-9496-217912375E0F} = {89633D5A-4713-1FCD-A3A9-594FA7A6EA5D}
		{14ECD49E-FCD8-6785-B022-845E7AE4C1A6} = {78B07627-2791-1EC4-6C6D-CA7215B351A2}
		{DE150472-E77D-B1C9-0C87-3782F96CCBF8} = {78B07627-2791-1EC4-6C6D-CA7215B351A2}
		{3AF89C40-9F38-11CF-B7FD-4A2D8E1A89F1} = {78B07627-2791-1EC4-6C6D-CA7215B351A2}
		{E35F26A8-5D1B-0D6D-9C7F-C671285CBB1C} = {78B07627-2791-1EC4-6C6D-CA7215B351A2}
	EndGlobalSection
	GlobalSection(ExtensibilityGlobals) = postSolution
		SolutionGuid = {447C05EF-F69C-469A-8C00-52096B89A2C4}
	EndGlobalSection
EndGlobal
